{
    "_readme": [
        "This file locks the dependencies of your project to a known state",
        "Read more about it at https://getcomposer.org/doc/01-basic-usage.md#installing-dependencies",
        "This file is @generated automatically"
    ],
    "content-hash": "50a368ecb09dcdcbafec117ef1916175",
    "packages": [
        {
            "name": "nojimage/twitter-text-php",
            "version": "v3.1.0",
            "source": {
                "type": "git",
                "url": "https://github.com/nojimage/twitter-text-php.git",
                "reference": "8e03a5a0ad5da010049e3bad843cb720052d4765"
            },
            "dist": {
                "type": "zip",
                "url": "https://api.github.com/repos/nojimage/twitter-text-php/zipball/8e03a5a0ad5da010049e3bad843cb720052d4765",
                "reference": "8e03a5a0ad5da010049e3bad843cb720052d4765",
                "shasum": ""
            },
            "require": {
                "ext-intl": "*",
                "ext-mbstring": "*",
                "php": ">=5.3.3"
            },
            "require-dev": {
                "ext-json": "*",
                "phpunit/phpunit": "4.8.*|5.7.*|6.5.*",
                "symfony/yaml": "^2.6.0|^3.4.0|^4.4.0|^5.0.0",
                "twitter/twitter-text": "^3.0.0"
            },
            "type": "library",
            "autoload": {
                "psr-0": {
                    "Twitter\\Text\\": "lib/"
                }
            },
            "notification-url": "https://packagist.org/downloads/",
            "license": [
                "Apache-2.0"
            ],
            "authors": [
                {
                    "name": "Matt Sanford",
                    "email": "matt@mzsanford.com",
                    "homepage": "http://mzsanford.com"
                },
                {
                    "name": "Mike Cochrane",
                    "email": "mikec@mikenz.geek.nz",
                    "homepage": "http://mikenz.geek.nz"
                },
                {
                    "name": "Nick Pope",
                    "email": "git@nickpope.me.uk",
                    "homepage": "http://www.nickpope.me.uk"
                },
                {
                    "name": "Takashi Nojima",
                    "homepage": "http://php-tips.com"
                }
            ],
            "description": "A library of PHP classes that provide auto-linking and extraction of usernames, lists, hashtags and URLs from tweets.",
            "homepage": "https://github.com/nojimage/twitter-text-php",
            "keywords": [
                "autolink",
                "extract",
                "text",
                "twitter"
            ],
            "time": "2020-04-22T12:10:15+00:00"
        }
    ],
    "packages-dev": [],
    "aliases": [],
    "minimum-stability": "stable",
    "stability-flags": [],
    "prefer-stable": false,
    "prefer-lowest": false,
    "platform": [],
    "platform-dev": [],
    "plugin-api-version": "1.1.0"
}
