{
    "_readme": [
        "This file locks the dependencies of your project to a known state",
        "Read more about it at https://getcomposer.org/doc/01-basic-usage.md#installing-dependencies",
        "This file is @generated automatically"
    ],
    "content-hash": "597431c9a8e8d96f9d7e598ee757f046",
    "packages": [
        {
            "name": "nojimage/twitter-text-php",
            "version": "v3.1.0",
            "source": {
                "type": "git",
                "url": "https://github.com/nojimage/twitter-text-php.git",
                "reference": "8e03a5a0ad5da010049e3bad843cb720052d4765"
            },
            "dist": {
                "type": "zip",
                "url": "https://api.github.com/repos/nojimage/twitter-text-php/zipball/8e03a5a0ad5da010049e3bad843cb720052d4765",
                "reference": "8e03a5a0ad5da010049e3bad843cb720052d4765",
                "shasum": ""
            },
            "require": {
                "ext-intl": "*",
                "ext-mbstring": "*",
                "php": ">=5.3.3"
            },
            "require-dev": {
                "ext-json": "*",
                "phpunit/phpunit": "4.8.*|5.7.*|6.5.*",
                "symfony/yaml": "^2.6.0|^3.4.0|^4.4.0|^5.0.0",
                "twitter/twitter-text": "^3.0.0"
            },
            "type": "library",
            "autoload": {
                "psr-0": {
                    "Twitter\\Text\\": "lib/"
                }
            },
            "notification-url": "https://packagist.org/downloads/",
            "license": [
                "Apache-2.0"
            ],
            "authors": [
                {
                    "name": "Matt Sanford",
                    "email": "matt@mzsanford.com",
                    "homepage": "http://mzsanford.com"
                },
                {
                    "name": "Mike Cochrane",
                    "email": "mikec@mikenz.geek.nz",
                    "homepage": "http://mikenz.geek.nz"
                },
                {
                    "name": "Nick Pope",
                    "email": "git@nickpope.me.uk",
                    "homepage": "http://www.nickpope.me.uk"
                },
                {
                    "name": "Takashi Nojima",
                    "homepage": "http://php-tips.com"
                }
            ],
            "description": "A library of PHP classes that provide auto-linking and extraction of usernames, lists, hashtags and URLs from tweets.",
            "homepage": "https://github.com/nojimage/twitter-text-php",
            "keywords": [
                "autolink",
                "extract",
                "text",
                "twitter"
            ],
            "time": "2020-04-22T12:10:15+00:00"
        },
        {
            "name": "symfony/polyfill-intl-normalizer",
            "version": "v1.17.1",
            "source": {
                "type": "git",
                "url": "https://github.com/symfony/polyfill-intl-normalizer.git",
                "reference": "40309d1700e8f72447bb9e7b54af756eeea35620"
            },
            "dist": {
                "type": "zip",
                "url": "https://api.github.com/repos/symfony/polyfill-intl-normalizer/zipball/40309d1700e8f72447bb9e7b54af756eeea35620",
                "reference": "40309d1700e8f72447bb9e7b54af756eeea35620",
                "shasum": ""
            },
            "require": {
                "php": ">=5.3.3"
            },
            "suggest": {
                "ext-intl": "For best performance"
            },
            "type": "library",
            "extra": {
                "branch-alias": {
                    "dev-master": "1.17-dev"
                },
                "thanks": {
                    "name": "symfony/polyfill",
                    "url": "https://github.com/symfony/polyfill"
                }
            },
            "autoload": {
                "psr-4": {
                    "Symfony\\Polyfill\\Intl\\Normalizer\\": ""
                },
                "files": [
                    "bootstrap.php"
                ],
                "classmap": [
                    "Resources/stubs"
                ]
            },
            "notification-url": "https://packagist.org/downloads/",
            "license": [
                "MIT"
            ],
            "authors": [
                {
                    "name": "Nicolas Grekas",
                    "email": "p@tchwork.com"
                },
                {
                    "name": "Symfony Community",
                    "homepage": "https://symfony.com/contributors"
                }
            ],
            "description": "Symfony polyfill for intl's Normalizer class and related functions",
            "homepage": "https://symfony.com",
            "keywords": [
                "compatibility",
                "intl",
                "normalizer",
                "polyfill",
                "portable",
                "shim"
            ],
            "funding": [
                {
                    "url": "https://symfony.com/sponsor",
                    "type": "custom"
                },
                {
                    "url": "https://github.com/fabpot",
                    "type": "github"
                },
                {
                    "url": "https://tidelift.com/funding/github/packagist/symfony/symfony",
                    "type": "tidelift"
                }
            ],
            "time": "2020-06-14T14:40:37+00:00"
        },
        {
            "name": "symfony/polyfill-mbstring",
            "version": "v1.17.1",
            "source": {
                "type": "git",
                "url": "https://github.com/symfony/polyfill-mbstring.git",
                "reference": "7110338d81ce1cbc3e273136e4574663627037a7"
            },
            "dist": {
                "type": "zip",
                "url": "https://api.github.com/repos/symfony/polyfill-mbstring/zipball/7110338d81ce1cbc3e273136e4574663627037a7",
                "reference": "7110338d81ce1cbc3e273136e4574663627037a7",
                "shasum": ""
            },
            "require": {
                "php": ">=5.3.3"
            },
            "suggest": {
                "ext-mbstring": "For best performance"
            },
            "type": "library",
            "extra": {
                "branch-alias": {
                    "dev-master": "1.17-dev"
                },
                "thanks": {
                    "name": "symfony/polyfill",
                    "url": "https://github.com/symfony/polyfill"
                }
            },
            "autoload": {
                "psr-4": {
                    "Symfony\\Polyfill\\Mbstring\\": ""
                },
                "files": [
                    "bootstrap.php"
                ]
            },
            "notification-url": "https://packagist.org/downloads/",
            "license": [
                "MIT"
            ],
            "authors": [
                {
                    "name": "Nicolas Grekas",
                    "email": "p@tchwork.com"
                },
                {
                    "name": "Symfony Community",
                    "homepage": "https://symfony.com/contributors"
                }
            ],
            "description": "Symfony polyfill for the Mbstring extension",
            "homepage": "https://symfony.com",
            "keywords": [
                "compatibility",
                "mbstring",
                "polyfill",
                "portable",
                "shim"
            ],
            "funding": [
                {
                    "url": "https://symfony.com/sponsor",
                    "type": "custom"
                },
                {
                    "url": "https://github.com/fabpot",
                    "type": "github"
                },
                {
                    "url": "https://tidelift.com/funding/github/packagist/symfony/symfony",
                    "type": "tidelift"
                }
            ],
            "time": "2020-06-06T08:46:27+00:00"
        }
    ],
    "packages-dev": [],
    "aliases": [],
    "minimum-stability": "stable",
    "stability-flags": [],
    "prefer-stable": false,
    "prefer-lowest": false,
    "platform": [],
    "platform-dev": [],
    "plugin-api-version": "1.1.0"
}
